
Microsoft Visual Studio Solution File, Format Version 12.00
# Visual Studio Version 17
VisualStudioVersion = 17.5.33627.172
MinimumVisualStudioVersion = 10.0.40219.1
Project("{FAE04EC0-301F-11D3-BF4B-00C04F79EFBC}") = "Web Application", "Web Application\Web Application.csproj", "{5E5A7895-D8D0-4D80-AD0D-7A43F99C3D42}"
EndProject
Global
	GlobalSection(SolutionConfigurationPlatforms) = preSolution
		Debug|Any CPU = Debug|Any CPU
		Release|Any CPU = Release|Any CPU
	EndGlobalSection
	GlobalSection(ProjectConfigurationPlatforms) = postSolution
		{5E5A7895-D8D0-4D80-AD0D-7A43F99C3D42}.Debug|Any CPU.ActiveCfg = Debug|Any CPU
		{5E5A7895-D8D0-4D80-AD0D-7A43F99C3D42}.Debug|Any CPU.Build.0 = Debug|Any CPU
		{5E5A7895-D8D0-4D80-AD0D-7A43F99C3D42}.Release|Any CPU.ActiveCfg = Release|Any CPU
		{5E5A7895-D8D0-4D80-AD0D-7A43F99C3D42}.Release|Any CPU.Build.0 = Release|Any CPU
	EndGlobalSection
	GlobalSection(SolutionProperties) = preSolution
		HideSolutionNode = FALSE
	EndGlobalSection
	GlobalSection(ExtensibilityGlobals) = postSolution
		SolutionGuid = {80A96A36-9D12-4F68-95F5-8DC4314BCDAF}
	EndGlobalSection
EndGlobal
